
Microsoft Visual Studio Solution File, Format Version 12.00
# Visual Studio Version 17
VisualStudioVersion = 17.0.31903.59
MinimumVisualStudioVersion = 10.0.40219.1
Project("{2150E333-8FDC-42A3-9474-1A3956D46DE8}") = "src", "src", "{40A5628E-3848-4B25-BF6F-43D7F80522BF}"
EndProject
Project("{FAE04EC0-301F-11D3-BF4B-00C04F79EFBC}") = "CYZLZDH.Core", "src\CYZLZDH.Core\CYZLZDH.Core.csproj", "{EBDE8D57-5A29-4FFD-BDFF-AD7614A98873}"
EndProject
Project("{FAE04EC0-301F-11D3-BF4B-00C04F79EFBC}") = "CYZLZDH.App", "src\CYZLZDH.App\CYZLZDH.App.csproj", "{7C8B2583-75AC-41B9-8360-F9622D1F7443}"
EndProject
Global
	GlobalSection(SolutionConfigurationPlatforms) = preSolution
		Debug|Any CPU = Debug|Any CPU
		Release|Any CPU = Release|Any CPU
	EndGlobalSection
	GlobalSection(SolutionProperties) = preSolution
		HideSolutionNode = FALSE
	EndGlobalSection
	GlobalSection(ProjectConfigurationPlatforms) = postSolution
		{EBDE8D57-5A29-4FFD-BDFF-AD7614A98873}.Debug|Any CPU.ActiveCfg = Debug|Any CPU
		{EBDE8D57-5A29-4FFD-BDFF-AD7614A98873}.Debug|Any CPU.Build.0 = Debug|Any CPU
		{EBDE8D57-5A29-4FFD-BDFF-AD7614A98873}.Release|Any CPU.ActiveCfg = Release|Any CPU
		{EBDE8D57-5A29-4FFD-BDFF-AD7614A98873}.Release|Any CPU.Build.0 = Release|Any CPU
		{7C8B2583-75AC-41B9-8360-F9622D1F7443}.Debug|Any CPU.ActiveCfg = Debug|Any CPU
		{7C8B2583-75AC-41B9-8360-F9622D1F7443}.Debug|Any CPU.Build.0 = Debug|Any CPU
		{7C8B2583-75AC-41B9-8360-F9622D1F7443}.Release|Any CPU.ActiveCfg = Release|Any CPU
		{7C8B2583-75AC-41B9-8360-F9622D1F7443}.Release|Any CPU.Build.0 = Release|Any CPU
	EndGlobalSection
	GlobalSection(NestedProjects) = preSolution
		{EBDE8D57-5A29-4FFD-BDFF-AD7614A98873} = {40A5628E-3848-4B25-BF6F-43D7F80522BF}
		{7C8B2583-75AC-41B9-8360-F9622D1F7443} = {40A5628E-3848-4B25-BF6F-43D7F80522BF}
	EndGlobalSection
EndGlobal
